
Microsoft Visual Studio Solution File, Format Version 12.00
# Visual Studio Version 17
VisualStudioVersion = 17.10.35013.160
MinimumVisualStudioVersion = 10.0.40219.1
Project("{9A19103F-16F7-4668-BE54-9A1E7A4F7556}") = "TEST_COPY_ModuleHouseWebAppTEST", "ModuleHouseWebApp\TEST_COPY_ModuleHouseWebAppTEST.csproj", "{1A7D15FE-C39E-498F-B89D-49D89C9A0DA5}"
EndProject
Global
	GlobalSection(SolutionConfigurationPlatforms) = preSolution
		Debug|Any CPU = Debug|Any CPU
		Release|Any CPU = Release|Any CPU
	EndGlobalSection
	GlobalSection(ProjectConfigurationPlatforms) = postSolution
		{1A7D15FE-C39E-498F-B89D-49D89C9A0DA5}.Debug|Any CPU.ActiveCfg = Debug|Any CPU
		{1A7D15FE-C39E-498F-B89D-49D89C9A0DA5}.Debug|Any CPU.Build.0 = Debug|Any CPU
		{1A7D15FE-C39E-498F-B89D-49D89C9A0DA5}.Release|Any CPU.ActiveCfg = Release|Any CPU
		{1A7D15FE-C39E-498F-B89D-49D89C9A0DA5}.Release|Any CPU.Build.0 = Release|Any CPU
	EndGlobalSection
	GlobalSection(SolutionProperties) = preSolution
		HideSolutionNode = FALSE
	EndGlobalSection
	GlobalSection(ExtensibilityGlobals) = postSolution
		SolutionGuid = {6649678E-2268-4D0C-9F99-656B45FD2ECC}
	EndGlobalSection
EndGlobal
